
Microsoft Visual Studio Solution File, Format Version 11.00
# Visual Studio 2010
Project("{FAE04EC0-301F-11D3-BF4B-00C04F79EFBC}") = "FakeTextGenerator", "FakeTextGenerator\FakeTextGenerator.csproj", "{49B7E420-8B3C-4020-9D57-B9319474CDBC}"
EndProject
Project("{FAE04EC0-301F-11D3-BF4B-00C04F79EFBC}") = "UnitTests", "UnitTests\UnitTests.csproj", "{2B4C826B-3749-4EC6-AF55-3418147424F0}"
EndProject
Project("{2150E333-8FDC-42A3-9474-1A3956D46DE8}") = "Solution Items", "Solution Items", "{FB833B09-1A26-4D7C-9EBA-BF7ED7F8ED92}"
	ProjectSection(SolutionItems) = preProject
		FakeTextGenerator.vsmdi = FakeTextGenerator.vsmdi
		Local.testsettings = Local.testsettings
		TraceAndTestImpact.testsettings = TraceAndTestImpact.testsettings
	EndProjectSection
EndProject
Global
	GlobalSection(TestCaseManagementSettings) = postSolution
		CategoryFile = FakeTextGenerator.vsmdi
	EndGlobalSection
	GlobalSection(SolutionConfigurationPlatforms) = preSolution
		Debug|Any CPU = Debug|Any CPU
		Release|Any CPU = Release|Any CPU
	EndGlobalSection
	GlobalSection(ProjectConfigurationPlatforms) = postSolution
		{49B7E420-8B3C-4020-9D57-B9319474CDBC}.Debug|Any CPU.ActiveCfg = Debug|Any CPU
		{49B7E420-8B3C-4020-9D57-B9319474CDBC}.Debug|Any CPU.Build.0 = Debug|Any CPU
		{49B7E420-8B3C-4020-9D57-B9319474CDBC}.Release|Any CPU.ActiveCfg = Release|Any CPU
		{49B7E420-8B3C-4020-9D57-B9319474CDBC}.Release|Any CPU.Build.0 = Release|Any CPU
		{2B4C826B-3749-4EC6-AF55-3418147424F0}.Debug|Any CPU.ActiveCfg = Debug|Any CPU
		{2B4C826B-3749-4EC6-AF55-3418147424F0}.Debug|Any CPU.Build.0 = Debug|Any CPU
		{2B4C826B-3749-4EC6-AF55-3418147424F0}.Release|Any CPU.ActiveCfg = Release|Any CPU
		{2B4C826B-3749-4EC6-AF55-3418147424F0}.Release|Any CPU.Build.0 = Release|Any CPU
	EndGlobalSection
	GlobalSection(SolutionProperties) = preSolution
		HideSolutionNode = FALSE
	EndGlobalSection
EndGlobal
